
Microsoft Visual Studio Solution File, Format Version 12.00
# Visual Studio Version 17
VisualStudioVersion = 17.5.33516.290
MinimumVisualStudioVersion = 10.0.40219.1
Project("{FAE04EC0-301F-11D3-BF4B-00C04F79EFBC}") = "PTUDW", "PTUDW\PTUDW.csproj", "{D5D40702-DB0C-4E5F-9A38-6869ACA4E345}"
EndProject
Project("{FAE04EC0-301F-11D3-BF4B-00C04F79EFBC}") = "MyClass", "..\MyClass\MyClass.csproj", "{DA8FCB22-36E8-4002-9E4F-87486767298B}"
EndProject
Project("{2150E333-8FDC-42A3-9474-1A3956D46DE8}") = "NewFolder1", "NewFolder1", "{A5A872A6-7B08-439F-A34D-7FD6E6BECA25}"
EndProject
Global
	GlobalSection(SolutionConfigurationPlatforms) = preSolution
		Debug|Any CPU = Debug|Any CPU
		Release|Any CPU = Release|Any CPU
	EndGlobalSection
	GlobalSection(ProjectConfigurationPlatforms) = postSolution
		{D5D40702-DB0C-4E5F-9A38-6869ACA4E345}.Debug|Any CPU.ActiveCfg = Debug|Any CPU
		{D5D40702-DB0C-4E5F-9A38-6869ACA4E345}.Debug|Any CPU.Build.0 = Debug|Any CPU
		{D5D40702-DB0C-4E5F-9A38-6869ACA4E345}.Release|Any CPU.ActiveCfg = Release|Any CPU
		{D5D40702-DB0C-4E5F-9A38-6869ACA4E345}.Release|Any CPU.Build.0 = Release|Any CPU
		{DA8FCB22-36E8-4002-9E4F-87486767298B}.Debug|Any CPU.ActiveCfg = Debug|Any CPU
		{DA8FCB22-36E8-4002-9E4F-87486767298B}.Debug|Any CPU.Build.0 = Debug|Any CPU
		{DA8FCB22-36E8-4002-9E4F-87486767298B}.Release|Any CPU.ActiveCfg = Release|Any CPU
		{DA8FCB22-36E8-4002-9E4F-87486767298B}.Release|Any CPU.Build.0 = Release|Any CPU
	EndGlobalSection
	GlobalSection(SolutionProperties) = preSolution
		HideSolutionNode = FALSE
	EndGlobalSection
	GlobalSection(ExtensibilityGlobals) = postSolution
		SolutionGuid = {2AB0BE73-C2A9-45A4-9F69-C4F8AA83DB6C}
	EndGlobalSection
EndGlobal
